lockfileVersion: '9.0'

settings:
  autoInstallPeers: true
  excludeLinksFromLockfile: false

importers:

  .:
    dependencies:
      stripe:
        specifier: ^20.3.1
        version: 20.3.1

packages:

  stripe@20.3.1:
    resolution: {integrity: sha512-k990yOT5G5rhX3XluRPw5Y8RLdJDW4dzQ29wWT66piHrbnM2KyamJ1dKgPsw4HzGHRWjDiSSdcI2WdxQUPV3aQ==}
    engines: {node: '>=16'}
    peerDependencies:
      '@types/node': '>=16'
    peerDependenciesMeta:
      '@types/node':
        optional: true

snapshots:

  stripe@20.3.1: {}
